{
  "name": "velopack-deployment-test-harness",
  "version": "1.0.0",
  "lockfileVersion": 3,
  "requires": true,
  "packages": {
    "": {
      "name": "velopack-deployment-test-harness",
      "version": "1.0.0",
      "dependencies": {
        "velopack": "file:../../../../src/lib-nodejs"
      }
    },
    "../../../../src/lib-nodejs": {
      "name": "velopack",
      "version": "0.0.0",
      "license": "MIT",
      "dependencies": {
        "@neon-rs/load": "^0.2.0"
      },
      "devDependencies": {
        "@tsconfig/node24": "24.0.5",
        "@types/node": "25.9.7",
        "@vitest/coverage-v8": "5.0.1",
        "cross-env": "10.1.0",
        "del-cli": "7.0.0",
        "prettier": "3.9.8",
        "typescript": "7.0.2",
        "vitest": "5.0.1"
      },
      "engines": {
        "node": ">=20.0.0 <26.0.0"
      }
    },
    "node_modules/velopack": {
      "resolved": "../../../../src/lib-nodejs",
      "link": true
    }
  }
}
