Microsoft Visual Studio Solution File, Format Version 12.00
# Visual Studio Version 17
VisualStudioVersion = 17.0.31815.197
MinimumVisualStudioVersion = 10.0.40219.1
Project("{9A19103F-16F7-4668-BE54-9A1E7A4F7556}") = "Velopack", "src\Velopack\Velopack.csproj", "{1436E22A-FE3C-4D68-9A85-9E74DF2E6A92}"
EndProject
Project("{9A19103F-16F7-4668-BE54-9A1E7A4F7556}") = "Velopack.Tests", "test\Velopack.Tests\Velopack.Tests.csproj", "{98AEB048-E27D-42F4-9440-505B7F78BAFD}"
EndProject
Project("{2150E333-8FDC-42A3-9474-1A3956D46DE8}") = "SolutionLevel", "SolutionLevel", "{ED657D2C-F8A0-4012-A64F-7367D41BE4D2}"
	ProjectSection(SolutionItems) = preProject
		.editorconfig = .editorconfig
		.gitignore = .gitignore
		.github\workflows\build.yml = .github\workflows\build.yml
		src\Directory.Build.props = src\Directory.Build.props
		nuget.config = nuget.config
		README.md = README.md
		Velopack.entitlements = Velopack.entitlements
		version.json = version.json
	EndProjectSection
EndProject
Project("{9A19103F-16F7-4668-BE54-9A1E7A4F7556}") = "Velopack.Packaging", "src\Velopack.Packaging\Velopack.Packaging.csproj", "{352C15EA-622F-4132-80D8-9B6E3C83404E}"
EndProject
Project("{9A19103F-16F7-4668-BE54-9A1E7A4F7556}") = "Velopack.Vpk", "src\Velopack.Vpk\Velopack.Vpk.csproj", "{9E769C7E-A54C-4844-8362-727D37BB1578}"
EndProject
Project("{9A19103F-16F7-4668-BE54-9A1E7A4F7556}") = "Velopack.CommandLine.Tests", "test\Velopack.CommandLine.Tests\Velopack.CommandLine.Tests.csproj", "{519EAB50-47B8-425F-8B20-AB9548F220B4}"
EndProject
Project("{2150E333-8FDC-42A3-9474-1A3956D46DE8}") = "tests", "tests", "{7AC3A776-B582-4B65-9D03-BD52332B5CA3}"
	ProjectSection(SolutionItems) = preProject
		test\Directory.Build.props = test\Directory.Build.props
	EndProjectSection
EndProject
Project("{9A19103F-16F7-4668-BE54-9A1E7A4F7556}") = "Velopack.Packaging.Windows", "src\Velopack.Packaging.Windows\Velopack.Packaging.Windows.csproj", "{E35039C8-1F98-48EB-B7D5-08E33DF061A7}"
EndProject
Project("{9A19103F-16F7-4668-BE54-9A1E7A4F7556}") = "Velopack.Packaging.Unix", "src\Velopack.Packaging.Unix\Velopack.Packaging.Unix.csproj", "{3382BCB7-657E-4E7B-A2B9-D65AA4DA073B}"
EndProject
Project("{9A19103F-16F7-4668-BE54-9A1E7A4F7556}") = "Velopack.Deployment", "src\Velopack.Deployment\Velopack.Deployment.csproj", "{D19EA72C-E7AE-4A7B-924A-E7550901A49C}"
EndProject
Project("{9A19103F-16F7-4668-BE54-9A1E7A4F7556}") = "Velopack.Packaging.Tests", "test\Velopack.Packaging.Tests\Velopack.Packaging.Tests.csproj", "{175B06A5-5C09-4DAB-A6AF-C8A2257BD1B6}"
EndProject
Project("{9A19103F-16F7-4668-BE54-9A1E7A4F7556}") = "TestApp", "test\TestApp\TestApp.csproj", "{784B5987-2E71-4AEE-81B9-E0CC7F1DBEB3}"
EndProject
Project("{2150E333-8FDC-42A3-9474-1A3956D46DE8}") = "samples", "samples", "{3EBFA551-780C-473D-A197-0EE56F2CBA82}"
	ProjectSection(SolutionItems) = preProject
		samples\Directory.Build.props = samples\Directory.Build.props
	EndProjectSection
EndProject
Project("{9A19103F-16F7-4668-BE54-9A1E7A4F7556}") = "AvaloniaCrossPlat", "samples\AvaloniaCrossPlat\AvaloniaCrossPlat.csproj", "{1FF6A262-13D0-45DF-B818-77AC84C52C6F}"
EndProject
Project("{9A19103F-16F7-4668-BE54-9A1E7A4F7556}") = "LegacyTestApp", "test\LegacyTestApp\LegacyTestApp.csproj", "{8B27C4BF-21B8-48B0-80F8-74520227C35F}"
EndProject
Project("{9A19103F-16F7-4668-BE54-9A1E7A4F7556}") = "VeloWpfSample", "samples\VeloWpfSample\VeloWpfSample.csproj", "{9E0F2B00-1B88-4B75-BEED-6DF8DBCA36B5}"
EndProject
Project("{9A19103F-16F7-4668-BE54-9A1E7A4F7556}") = "Divergic.Logging.Xunit", "test\Divergic.Logging.Xunit\Divergic.Logging.Xunit.csproj", "{5ED2E9AF-101D-4D2D-B0B5-90A920EF692D}"
EndProject
Project("{9A19103F-16F7-4668-BE54-9A1E7A4F7556}") = "Velopack.Packaging.HostModel", "src\Velopack.Packaging.HostModel\Velopack.Packaging.HostModel.csproj", "{E9A2620C-C638-446C-BA30-F62C05709365}"
EndProject
Project("{9A19103F-16F7-4668-BE54-9A1E7A4F7556}") = "Velopack.Build", "src\Velopack.Build\Velopack.Build.csproj", "{97C9B2CF-877F-4C98-A513-058784A23697}"
EndProject
Global
	GlobalSection(SolutionConfigurationPlatforms) = preSolution
		Debug|Any CPU = Debug|Any CPU
		Release|Any CPU = Release|Any CPU
	EndGlobalSection
	GlobalSection(ProjectConfigurationPlatforms) = postSolution
		{1436E22A-FE3C-4D68-9A85-9E74DF2E6A92}.Debug|Any CPU.ActiveCfg = Debug|Any CPU
		{1436E22A-FE3C-4D68-9A85-9E74DF2E6A92}.Debug|Any CPU.Build.0 = Debug|Any CPU
		{1436E22A-FE3C-4D68-9A85-9E74DF2E6A92}.Release|Any CPU.ActiveCfg = Release|Any CPU
		{1436E22A-FE3C-4D68-9A85-9E74DF2E6A92}.Release|Any CPU.Build.0 = Release|Any CPU
		{98AEB048-E27D-42F4-9440-505B7F78BAFD}.Debug|Any CPU.ActiveCfg = Debug|Any CPU
		{98AEB048-E27D-42F4-9440-505B7F78BAFD}.Debug|Any CPU.Build.0 = Debug|Any CPU
		{98AEB048-E27D-42F4-9440-505B7F78BAFD}.Release|Any CPU.ActiveCfg = Release|Any CPU
		{98AEB048-E27D-42F4-9440-505B7F78BAFD}.Release|Any CPU.Build.0 = Release|Any CPU
		{352C15EA-622F-4132-80D8-9B6E3C83404E}.Debug|Any CPU.ActiveCfg = Debug|Any CPU
		{352C15EA-622F-4132-80D8-9B6E3C83404E}.Debug|Any CPU.Build.0 = Debug|Any CPU
		{352C15EA-622F-4132-80D8-9B6E3C83404E}.Release|Any CPU.ActiveCfg = Release|Any CPU
		{352C15EA-622F-4132-80D8-9B6E3C83404E}.Release|Any CPU.Build.0 = Release|Any CPU
		{9E769C7E-A54C-4844-8362-727D37BB1578}.Debug|Any CPU.ActiveCfg = Debug|Any CPU
		{9E769C7E-A54C-4844-8362-727D37BB1578}.Debug|Any CPU.Build.0 = Debug|Any CPU
		{9E769C7E-A54C-4844-8362-727D37BB1578}.Release|Any CPU.ActiveCfg = Release|Any CPU
		{9E769C7E-A54C-4844-8362-727D37BB1578}.Release|Any CPU.Build.0 = Release|Any CPU
		{519EAB50-47B8-425F-8B20-AB9548F220B4}.Debug|Any CPU.ActiveCfg = Debug|Any CPU
		{519EAB50-47B8-425F-8B20-AB9548F220B4}.Debug|Any CPU.Build.0 = Debug|Any CPU
		{519EAB50-47B8-425F-8B20-AB9548F220B4}.Release|Any CPU.ActiveCfg = Release|Any CPU
		{519EAB50-47B8-425F-8B20-AB9548F220B4}.Release|Any CPU.Build.0 = Release|Any CPU
		{E35039C8-1F98-48EB-B7D5-08E33DF061A7}.Debug|Any CPU.ActiveCfg = Debug|Any CPU
		{E35039C8-1F98-48EB-B7D5-08E33DF061A7}.Debug|Any CPU.Build.0 = Debug|Any CPU
		{E35039C8-1F98-48EB-B7D5-08E33DF061A7}.Release|Any CPU.ActiveCfg = Release|Any CPU
		{E35039C8-1F98-48EB-B7D5-08E33DF061A7}.Release|Any CPU.Build.0 = Release|Any CPU
		{3382BCB7-657E-4E7B-A2B9-D65AA4DA073B}.Debug|Any CPU.ActiveCfg = Debug|Any CPU
		{3382BCB7-657E-4E7B-A2B9-D65AA4DA073B}.Debug|Any CPU.Build.0 = Debug|Any CPU
		{3382BCB7-657E-4E7B-A2B9-D65AA4DA073B}.Release|Any CPU.ActiveCfg = Release|Any CPU
		{3382BCB7-657E-4E7B-A2B9-D65AA4DA073B}.Release|Any CPU.Build.0 = Release|Any CPU
		{D19EA72C-E7AE-4A7B-924A-E7550901A49C}.Debug|Any CPU.ActiveCfg = Debug|Any CPU
		{D19EA72C-E7AE-4A7B-924A-E7550901A49C}.Debug|Any CPU.Build.0 = Debug|Any CPU
		{D19EA72C-E7AE-4A7B-924A-E7550901A49C}.Release|Any CPU.ActiveCfg = Release|Any CPU
		{D19EA72C-E7AE-4A7B-924A-E7550901A49C}.Release|Any CPU.Build.0 = Release|Any CPU
		{175B06A5-5C09-4DAB-A6AF-C8A2257BD1B6}.Debug|Any CPU.ActiveCfg = Debug|Any CPU
		{175B06A5-5C09-4DAB-A6AF-C8A2257BD1B6}.Debug|Any CPU.Build.0 = Debug|Any CPU
		{175B06A5-5C09-4DAB-A6AF-C8A2257BD1B6}.Release|Any CPU.ActiveCfg = Release|Any CPU
		{175B06A5-5C09-4DAB-A6AF-C8A2257BD1B6}.Release|Any CPU.Build.0 = Release|Any CPU
		{784B5987-2E71-4AEE-81B9-E0CC7F1DBEB3}.Debug|Any CPU.ActiveCfg = Debug|Any CPU
		{784B5987-2E71-4AEE-81B9-E0CC7F1DBEB3}.Debug|Any CPU.Build.0 = Debug|Any CPU
		{784B5987-2E71-4AEE-81B9-E0CC7F1DBEB3}.Release|Any CPU.ActiveCfg = Release|Any CPU
		{784B5987-2E71-4AEE-81B9-E0CC7F1DBEB3}.Release|Any CPU.Build.0 = Release|Any CPU
		{1FF6A262-13D0-45DF-B818-77AC84C52C6F}.Debug|Any CPU.ActiveCfg = Debug|Any CPU
		{1FF6A262-13D0-45DF-B818-77AC84C52C6F}.Debug|Any CPU.Build.0 = Debug|Any CPU
		{1FF6A262-13D0-45DF-B818-77AC84C52C6F}.Release|Any CPU.ActiveCfg = Release|Any CPU
		{1FF6A262-13D0-45DF-B818-77AC84C52C6F}.Release|Any CPU.Build.0 = Release|Any CPU
		{8B27C4BF-21B8-48B0-80F8-74520227C35F}.Debug|Any CPU.ActiveCfg = Debug|Any CPU
		{8B27C4BF-21B8-48B0-80F8-74520227C35F}.Debug|Any CPU.Build.0 = Debug|Any CPU
		{8B27C4BF-21B8-48B0-80F8-74520227C35F}.Release|Any CPU.ActiveCfg = Release|Any CPU
		{8B27C4BF-21B8-48B0-80F8-74520227C35F}.Release|Any CPU.Build.0 = Release|Any CPU
		{9E0F2B00-1B88-4B75-BEED-6DF8DBCA36B5}.Debug|Any CPU.ActiveCfg = Debug|Any CPU
		{9E0F2B00-1B88-4B75-BEED-6DF8DBCA36B5}.Debug|Any CPU.Build.0 = Debug|Any CPU
		{9E0F2B00-1B88-4B75-BEED-6DF8DBCA36B5}.Release|Any CPU.ActiveCfg = Release|Any CPU
		{9E0F2B00-1B88-4B75-BEED-6DF8DBCA36B5}.Release|Any CPU.Build.0 = Release|Any CPU
		{5ED2E9AF-101D-4D2D-B0B5-90A920EF692D}.Debug|Any CPU.ActiveCfg = Debug|Any CPU
		{5ED2E9AF-101D-4D2D-B0B5-90A920EF692D}.Debug|Any CPU.Build.0 = Debug|Any CPU
		{5ED2E9AF-101D-4D2D-B0B5-90A920EF692D}.Release|Any CPU.ActiveCfg = Release|Any CPU
		{5ED2E9AF-101D-4D2D-B0B5-90A920EF692D}.Release|Any CPU.Build.0 = Release|Any CPU
		{E9A2620C-C638-446C-BA30-F62C05709365}.Debug|Any CPU.ActiveCfg = Debug|Any CPU
		{E9A2620C-C638-446C-BA30-F62C05709365}.Debug|Any CPU.Build.0 = Debug|Any CPU
		{E9A2620C-C638-446C-BA30-F62C05709365}.Release|Any CPU.ActiveCfg = Release|Any CPU
		{E9A2620C-C638-446C-BA30-F62C05709365}.Release|Any CPU.Build.0 = Release|Any CPU
		{97C9B2CF-877F-4C98-A513-058784A23697}.Debug|Any CPU.ActiveCfg = Debug|Any CPU
		{97C9B2CF-877F-4C98-A513-058784A23697}.Debug|Any CPU.Build.0 = Debug|Any CPU
		{97C9B2CF-877F-4C98-A513-058784A23697}.Release|Any CPU.ActiveCfg = Release|Any CPU
		{97C9B2CF-877F-4C98-A513-058784A23697}.Release|Any CPU.Build.0 = Release|Any CPU
	EndGlobalSection
	GlobalSection(SolutionProperties) = preSolution
		HideSolutionNode = FALSE
	EndGlobalSection
	GlobalSection(NestedProjects) = preSolution
		{98AEB048-E27D-42F4-9440-505B7F78BAFD} = {7AC3A776-B582-4B65-9D03-BD52332B5CA3}
		{519EAB50-47B8-425F-8B20-AB9548F220B4} = {7AC3A776-B582-4B65-9D03-BD52332B5CA3}
		{175B06A5-5C09-4DAB-A6AF-C8A2257BD1B6} = {7AC3A776-B582-4B65-9D03-BD52332B5CA3}
		{784B5987-2E71-4AEE-81B9-E0CC7F1DBEB3} = {7AC3A776-B582-4B65-9D03-BD52332B5CA3}
		{1FF6A262-13D0-45DF-B818-77AC84C52C6F} = {3EBFA551-780C-473D-A197-0EE56F2CBA82}
		{8B27C4BF-21B8-48B0-80F8-74520227C35F} = {7AC3A776-B582-4B65-9D03-BD52332B5CA3}
		{9E0F2B00-1B88-4B75-BEED-6DF8DBCA36B5} = {3EBFA551-780C-473D-A197-0EE56F2CBA82}
		{5ED2E9AF-101D-4D2D-B0B5-90A920EF692D} = {7AC3A776-B582-4B65-9D03-BD52332B5CA3}
	EndGlobalSection
	GlobalSection(ExtensibilityGlobals) = postSolution
		SolutionGuid = {68CA987A-9BAB-4C75-8EEB-4596BA6BBD07}
	EndGlobalSection
	GlobalSection(MonoDevelopProperties) = preSolution
		Policies = $0
		$0.TextStylePolicy = $1
		$1.inheritsSet = VisualStudio
		$1.inheritsScope = text/plain
		$1.scope = text/plain
		$0.CSharpFormattingPolicy = $2
		$2.IndentSwitchBody = True
		$2.IndentBlocksInsideExpressions = True
		$2.AnonymousMethodBraceStyle = NextLine
		$2.PropertyBraceStyle = NextLine
		$2.PropertyGetBraceStyle = NextLine
		$2.PropertySetBraceStyle = NextLine
		$2.EventBraceStyle = NextLine
		$2.EventAddBraceStyle = NextLine
		$2.EventRemoveBraceStyle = NextLine
		$2.StatementBraceStyle = NextLine
		$2.ElseNewLinePlacement = NewLine
		$2.CatchNewLinePlacement = NewLine
		$2.FinallyNewLinePlacement = NewLine
		$2.WhileNewLinePlacement = DoNotCare
		$2.ArrayInitializerWrapping = DoNotChange
		$2.ArrayInitializerBraceStyle = NextLine
		$2.BeforeMethodDeclarationParentheses = False
		$2.BeforeMethodCallParentheses = False
		$2.BeforeConstructorDeclarationParentheses = False
		$2.NewLineBeforeConstructorInitializerColon = NewLine
		$2.NewLineAfterConstructorInitializerColon = SameLine
		$2.BeforeDelegateDeclarationParentheses = False
		$2.NewParentheses = False
		$2.SpacesBeforeBrackets = False
		$2.inheritsSet = Mono
		$2.inheritsScope = text/x-csharp
		$2.scope = text/x-csharp
	EndGlobalSection
EndGlobal
