github.com/konoui/go-qsort v0.1.0 h1:0Os/0X0Fce6B54jqN26aR+J5uOExN+0t7nb9zs6zzzE=
github.com/konoui/go-qsort v0.1.0/go.mod h1:UOsvdDPBzyQDk9Tb21hETK6KYXGYQTnoZB5qeKA1ARs=
github.com/konoui/lipo v0.10.0 h1:1P2VkBSB6I38kgmyznvAjy9gmAqybK22pJt9iyx5CgY=
github.com/konoui/lipo v0.10.0/go.mod h1:R+0EgDVrLKKS37SumAO8zhpEprjjoKEkrT3QqKQE35k=
golang.org/x/mod v0.24.0 h1:ZfthKaKaT4NrhGVZHO1/WDTwGES4De8KtWO0SIbNJMU=
golang.org/x/mod v0.24.0/go.mod h1:IXM97Txy2VM4PJ3gI61r1YEk/gAj6zAHN3AdZt6S9Ww=
golang.org/x/sync v0.14.0 h1:woo0S4Yywslg6hp4eUFjTVOyKt0RookbpAHG4c1HmhQ=
golang.org/x/sync v0.14.0/go.mod h1:1dzgHSNfp02xaA81J2MS99Qcpr2w7fw1gpm99rleRqA=
golang.org/x/text v0.15.0 h1:h1V/4gjBv8v9cjcR6+AR5+/cIYK5N/WAgiv4xlsEtAk=
golang.org/x/text v0.15.0/go.mod h1:18ZOQIKpY8NJVqYksKHtTdi31H5itFRjB5/qKTNYzSU=
golang.org/x/tools v0.33.0 h1:4qz2S3zmRxbGIhDIAgjxvFutSvH5EfnsYrRBj0UI0bc=
golang.org/x/tools v0.33.0/go.mod h1:CIJMaWEY88juyUfo7UbgPqbC8rU2OqfAV1h2Qp0oMYI=
graphics.gd v0.0.0-20250805073110-9f639b02a934 h1:uQ9B0kmYUSLKWp/YlI/mLzJpCYlivkRmJt4cBrnOdHc=
graphics.gd v0.0.0-20250805073110-9f639b02a934/go.mod h1:9e9vGtDvAg6ySUYFpFsVJYlwhCFWg5AQ8oIzu4XcsA4=
graphics.gd v0.0.0-20250807065728-e741f2f39aad h1:pCTVuYf13pMLFvrUULQvgc5pUrq3k19EUCZAtPUHUg8=
graphics.gd v0.0.0-20250807065728-e741f2f39aad/go.mod h1:9e9vGtDvAg6ySUYFpFsVJYlwhCFWg5AQ8oIzu4XcsA4=
runtime.link v0.0.0-20250131052539-992a5f0be9db h1:pmEAAhIKeeisn2bXh43ZSULNXsrveRC/iDxBLoc0RC8=
runtime.link v0.0.0-20250131052539-992a5f0be9db/go.mod h1:bs9lT/R79BfIAGcCHrCWiEdDec5nUNSBBjDmAvAsasU=
